
Microsoft Visual Studio Solution File, Format Version 12.00
# Visual Studio Version 16
VisualStudioVersion = 16.0.30309.148
MinimumVisualStudioVersion = 10.0.40219.1
Project("{FAE04EC0-301F-11D3-BF4B-00C04F79EFBC}") = "FirstApp", "FirstApp\FirstApp.csproj", "{FFBACE7E-8799-468A-9685-E692FC0CB4CB}"
EndProject
Global
	GlobalSection(SolutionConfigurationPlatforms) = preSolution
		Debug|Any CPU = Debug|Any CPU
		Release|Any CPU = Release|Any CPU
	EndGlobalSection
	GlobalSection(ProjectConfigurationPlatforms) = postSolution
		{FFBACE7E-8799-468A-9685-E692FC0CB4CB}.Debug|Any CPU.ActiveCfg = Debug|Any CPU
		{FFBACE7E-8799-468A-9685-E692FC0CB4CB}.Debug|Any CPU.Build.0 = Debug|Any CPU
		{FFBACE7E-8799-468A-9685-E692FC0CB4CB}.Release|Any CPU.ActiveCfg = Release|Any CPU
		{FFBACE7E-8799-468A-9685-E692FC0CB4CB}.Release|Any CPU.Build.0 = Release|Any CPU
	EndGlobalSection
	GlobalSection(SolutionProperties) = preSolution
		HideSolutionNode = FALSE
	EndGlobalSection
	GlobalSection(ExtensibilityGlobals) = postSolution
		SolutionGuid = {03C09E3A-420C-452C-89F9-04054FF873A5}
	EndGlobalSection
EndGlobal
